
Microsoft Visual Studio Solution File, Format Version 12.00
# Visual Studio Version 17
VisualStudioVersion = 17.14.36414.22 d17.14
MinimumVisualStudioVersion = 10.0.40219.1
Project("{FAE04EC0-301F-11D3-BF4B-00C04F79EFBC}") = "atp.ApiAutomation.Framework", "atp.ApiAutomation.Framework\atp.ApiAutomation.Framework.csproj", "{D69B98A9-623C-471A-825F-D75FE3A7D1AE}"
EndProject
Global
	GlobalSection(SolutionConfigurationPlatforms) = preSolution
		Debug|Any CPU = Debug|Any CPU
		Release|Any CPU = Release|Any CPU
	EndGlobalSection
	GlobalSection(ProjectConfigurationPlatforms) = postSolution
		{D69B98A9-623C-471A-825F-D75FE3A7D1AE}.Debug|Any CPU.ActiveCfg = Debug|Any CPU
		{D69B98A9-623C-471A-825F-D75FE3A7D1AE}.Debug|Any CPU.Build.0 = Debug|Any CPU
		{D69B98A9-623C-471A-825F-D75FE3A7D1AE}.Release|Any CPU.ActiveCfg = Release|Any CPU
		{D69B98A9-623C-471A-825F-D75FE3A7D1AE}.Release|Any CPU.Build.0 = Release|Any CPU
	EndGlobalSection
	GlobalSection(SolutionProperties) = preSolution
		HideSolutionNode = FALSE
	EndGlobalSection
	GlobalSection(ExtensibilityGlobals) = postSolution
		SolutionGuid = {FBE1628A-2FE0-45C9-B39C-C95A0F4B20D0}
	EndGlobalSection
EndGlobal
